{
  "nodes": {
    "crane": {
      "inputs": {
        "nixpkgs": [
          "sql-studio",
          "nixpkgs"
        ]
      },
      "locked": {
        "lastModified": 1717535930,
        "narHash": "sha256-1hZ/txnbd/RmiBPNUs7i8UQw2N89uAK3UzrGAWdnFfU=",
        "owner": "ipetkov",
        "repo": "crane",
        "rev": "55e7754ec31dac78980c8be45f8a28e80e370946",
        "type": "github"
      },
      "original": {
        "owner": "ipetkov",
        "repo": "crane",
        "type": "github"
      }
    },
    "flake-utils": {
      "inputs": {
        "systems": "systems"
      },
      "locked": {
        "lastModified": 1710146030,
        "narHash": "sha256-SZ5L6eA7HJ/nmkzGG7/ISclqe6oZdOZTNoesiInkXPQ=",
        "owner": "numtide",
        "repo": "flake-utils",
        "rev": "b1d9ab70662946ef0850d488da1c9019f3a9752a",
        "type": "github"
      },
      "original": {
        "owner": "numtide",
        "repo": "flake-utils",
        "type": "github"
      }
    },
    "home-manager": {
      "inputs": {
        "nixpkgs": [
          "nixpkgs"
        ]
      },
      "locked": {
        "lastModified": 1718983978,
        "narHash": "sha256-lp6stESwTLBZUQ5GBivxwNehShmBp4jqeX/1xahM61w=",
        "owner": "nix-community",
        "repo": "home-manager",
        "rev": "c559542f0aa87971a7f4c1b3478fe33cc904b902",
        "type": "github"
      },
      "original": {
        "owner": "nix-community",
        "repo": "home-manager",
        "type": "github"
      }
    },
    "nixpkgs": {
      "locked": {
        "lastModified": 1718895438,
        "narHash": "sha256-k3JqJrkdoYwE3fHE6xGDY676AYmyh4U2Zw+0Bwe5DLU=",
        "owner": "nixos",
        "repo": "nixpkgs",
        "rev": "d603719ec6e294f034936c0d0dc06f689d91b6c3",
        "type": "github"
      },
      "original": {
        "owner": "nixos",
        "ref": "nixos-unstable",
        "repo": "nixpkgs",
        "type": "github"
      }
    },
    "nixpkgs_2": {
      "locked": {
        "lastModified": 1717602782,
        "narHash": "sha256-pL9jeus5QpX5R+9rsp3hhZ+uplVHscNJh8n8VpqscM0=",
        "owner": "NixOS",
        "repo": "nixpkgs",
        "rev": "e8057b67ebf307f01bdcc8fba94d94f75039d1f6",
        "type": "github"
      },
      "original": {
        "owner": "NixOS",
        "ref": "nixos-unstable",
        "repo": "nixpkgs",
        "type": "github"
      }
    },
    "root": {
      "inputs": {
        "home-manager": "home-manager",
        "nixpkgs": "nixpkgs",
        "sql-studio": "sql-studio"
      }
    },
    "rust-overlay": {
      "inputs": {
        "flake-utils": [
          "sql-studio",
          "flake-utils"
        ],
        "nixpkgs": [
          "sql-studio",
          "nixpkgs"
        ]
      },
      "locked": {
        "lastModified": 1717813066,
        "narHash": "sha256-wqbRwq3i7g5EHIui0bIi84mdqZ/It1AXBSLJ5tafD28=",
        "owner": "oxalica",
        "repo": "rust-overlay",
        "rev": "6dc3e45fe4aee36efeed24d64fc68b1f989d5465",
        "type": "github"
      },
      "original": {
        "owner": "oxalica",
        "repo": "rust-overlay",
        "type": "github"
      }
    },
    "sql-studio": {
      "inputs": {
        "crane": "crane",
        "flake-utils": "flake-utils",
        "nixpkgs": "nixpkgs_2",
        "rust-overlay": "rust-overlay"
      },
      "locked": {
        "lastModified": 1719525067,
        "narHash": "sha256-mMy54AIt0YpWmGSOuuM2XClWeOOyyu0mPla5yV6Thx0=",
        "owner": "frectonz",
        "repo": "sql-studio",
        "rev": "b4c8b59f14b672a84e375f4cd2868687e4090ade",
        "type": "github"
      },
      "original": {
        "owner": "frectonz",
        "repo": "sql-studio",
        "type": "github"
      }
    },
    "systems": {
      "locked": {
        "lastModified": 1681028828,
        "narHash": "sha256-Vy1rq5AaRuLzOxct8nz4T6wlgyUR7zLU309k9mBC768=",
        "owner": "nix-systems",
        "repo": "default",
        "rev": "da67096a3b9bf56a91d16901293e51ba5b49a27e",
        "type": "github"
      },
      "original": {
        "owner": "nix-systems",
        "repo": "default",
        "type": "github"
      }
    }
  },
  "root": "root",
  "version": 7
}
